{
  "name": "rpi-snap-models",
  "version": "0.0.1",
  "lockfileVersion": 1,
  "requires": true,
  "dependencies": {
    "@types/node": {
      "version": "8.10.38",
      "resolved": "https://registry.npmjs.org/@types/node/-/node-8.10.38.tgz",
      "integrity": "sha512-EibsnbJerd0hBFaDjJStFrVbVBAtOy4dgL8zZFw0uOvPqzBAX59Ci8cgjg3+RgJIWhsB5A4c+pi+D4P9tQQh/A==",
      "dev": true
    },
    "typescript": {
      "version": "3.1.6",
      "resolved": "https://registry.npmjs.org/typescript/-/typescript-3.1.6.tgz",
      "integrity": "sha512-tDMYfVtvpb96msS1lDX9MEdHrW4yOuZ4Kdc4Him9oU796XldPYF/t2+uKoX0BBa0hXXwDlqYQbXY5Rzjzc5hBA==",
      "dev": true
    }
  }
}
